
Microsoft Visual Studio Solution File, Format Version 12.00
# Visual Studio Version 17
VisualStudioVersion = 17.11.35222.181
MinimumVisualStudioVersion = 10.0.40219.1
Project("{9A19103F-16F7-4668-BE54-9A1E7A4F7556}") = "PotoDocs.Shared", "PotoDocs.Shared\PotoDocs.Shared.csproj", "{79CC3753-4FE2-49A6-B8C0-516CE3A0AEEA}"
EndProject
Project("{9A19103F-16F7-4668-BE54-9A1E7A4F7556}") = "PotoDocs", "PotoDocs\PotoDocs\PotoDocs.csproj", "{39B1A0EC-8517-47C3-9CBF-166F4AE73EBC}"
EndProject
Project("{FAE04EC0-301F-11D3-BF4B-00C04F79EFBC}") = "PotoDocs.Blazor", "PotoDocs.Blazor\PotoDocs.Blazor.csproj", "{94485A68-9864-47E6-B65C-0CAFAFCAFBB3}"
EndProject
Project("{FAE04EC0-301F-11D3-BF4B-00C04F79EFBC}") = "PotoDocs.API", "PotoDocs.API\PotoDocs.API\PotoDocs.API.csproj", "{7AEC85F8-40E3-4A6B-B854-7D6B2CD283DA}"
EndProject
Global
	GlobalSection(SolutionConfigurationPlatforms) = preSolution
		Debug|Any CPU = Debug|Any CPU
		Release|Any CPU = Release|Any CPU
	EndGlobalSection
	GlobalSection(ProjectConfigurationPlatforms) = postSolution
		{79CC3753-4FE2-49A6-B8C0-516CE3A0AEEA}.Debug|Any CPU.ActiveCfg = Debug|Any CPU
		{79CC3753-4FE2-49A6-B8C0-516CE3A0AEEA}.Debug|Any CPU.Build.0 = Debug|Any CPU
		{79CC3753-4FE2-49A6-B8C0-516CE3A0AEEA}.Release|Any CPU.ActiveCfg = Release|Any CPU
		{79CC3753-4FE2-49A6-B8C0-516CE3A0AEEA}.Release|Any CPU.Build.0 = Release|Any CPU
		{39B1A0EC-8517-47C3-9CBF-166F4AE73EBC}.Debug|Any CPU.ActiveCfg = Debug|Any CPU
		{39B1A0EC-8517-47C3-9CBF-166F4AE73EBC}.Release|Any CPU.ActiveCfg = Release|Any CPU
		{39B1A0EC-8517-47C3-9CBF-166F4AE73EBC}.Release|Any CPU.Build.0 = Release|Any CPU
		{39B1A0EC-8517-47C3-9CBF-166F4AE73EBC}.Release|Any CPU.Deploy.0 = Release|Any CPU
		{94485A68-9864-47E6-B65C-0CAFAFCAFBB3}.Debug|Any CPU.ActiveCfg = Debug|Any CPU
		{94485A68-9864-47E6-B65C-0CAFAFCAFBB3}.Debug|Any CPU.Build.0 = Debug|Any CPU
		{94485A68-9864-47E6-B65C-0CAFAFCAFBB3}.Release|Any CPU.ActiveCfg = Release|Any CPU
		{94485A68-9864-47E6-B65C-0CAFAFCAFBB3}.Release|Any CPU.Build.0 = Release|Any CPU
		{7AEC85F8-40E3-4A6B-B854-7D6B2CD283DA}.Debug|Any CPU.ActiveCfg = Debug|Any CPU
		{7AEC85F8-40E3-4A6B-B854-7D6B2CD283DA}.Debug|Any CPU.Build.0 = Debug|Any CPU
		{7AEC85F8-40E3-4A6B-B854-7D6B2CD283DA}.Release|Any CPU.ActiveCfg = Release|Any CPU
		{7AEC85F8-40E3-4A6B-B854-7D6B2CD283DA}.Release|Any CPU.Build.0 = Release|Any CPU
	EndGlobalSection
	GlobalSection(SolutionProperties) = preSolution
		HideSolutionNode = FALSE
	EndGlobalSection
	GlobalSection(ExtensibilityGlobals) = postSolution
		SolutionGuid = {7E331738-2DD0-4F51-B126-07EA1F0CD964}
	EndGlobalSection
EndGlobal
